# This file is automatically @generated by Poetry 2.3.2 and should not be changed by hand.

[[package]]
name = "colorama"
version = "0.4.6"
description = "Cross-platform colored terminal text."
optional = false
python-versions = "!=3.0.*,!=3.1.*,!=3.2.*,!=3.3.*,!=3.4.*,!=3.5.*,!=3.6.*,>=2.7"
groups = ["dev"]
markers = "sys_platform == \"win32\""
files = [
    {file = "colorama-0.4.6-py2.py3-none-any.whl", hash = "sha256:4f1d9991f5acc0ca119f9d443620b77f9d6b33703e51011c16baf57afb285fc6"},
    {file = "colorama-0.4.6.tar.gz", hash = "sha256:08695f5cb7ed6e0531a20572697297273c47b8cae5a63ffc6d6ed5c201be6e44"},
]

[[package]]
name = "flexcache"
version = "0.3"
description = "Saves and loads to the cache a transformed versions of a source object."
optional = false
python-versions = ">=3.9"
groups = ["main"]
files = [
    {file = "flexcache-0.3-py3-none-any.whl", hash = "sha256:d43c9fea82336af6e0115e308d9d33a185390b8346a017564611f1466dcd2e32"},
    {file = "flexcache-0.3.tar.gz", hash = "sha256:18743bd5a0621bfe2cf8d519e4c3bfdf57a269c15d1ced3fb4b64e0ff4600656"},
]

[package.dependencies]
typing-extensions = "*"

[package.extras]
test = ["pytest", "pytest-cov", "pytest-mpl", "pytest-subtests"]

[[package]]
name = "flexparser"
version = "0.4"
description = "Parsing made fun ... using typing."
optional = false
python-versions = ">=3.9"
groups = ["main"]
files = [
    {file = "flexparser-0.4-py3-none-any.whl", hash = "sha256:3738b456192dcb3e15620f324c447721023c0293f6af9955b481e91d00179846"},
    {file = "flexparser-0.4.tar.gz", hash = "sha256:266d98905595be2ccc5da964fe0a2c3526fbbffdc45b65b3146d75db992ef6b2"},
]

[package.dependencies]
typing-extensions = "*"

[package.extras]
test = ["pytest", "pytest-cov", "pytest-mpl", "pytest-subtests"]

[[package]]
name = "iniconfig"
version = "2.3.0"
description = "brain-dead simple config-ini parsing"
optional = false
python-versions = ">=3.10"
groups = ["dev"]
files = [
    {file = "iniconfig-2.3.0-py3-none-any.whl", hash = "sha256:f631c04d2c48c52b84d0d0549c99ff3859c98df65b3101406327ecc7d53fbf12"},
    {file = "iniconfig-2.3.0.tar.gz", hash = "sha256:c76315c77db068650d49c5b56314774a7804df16fee4402c1f19d6d15d8c4730"},
]

[[package]]
name = "lark"
version = "1.3.1"
description = "a modern parsing library"
optional = false
python-versions = ">=3.8"
groups = ["main"]
files = [
    {file = "lark-1.3.1-py3-none-any.whl", hash = "sha256:c629b661023a014c37da873b4ff58a817398d12635d3bbb2c5a03be7fe5d1e12"},
    {file = "lark-1.3.1.tar.gz", hash = "sha256:b426a7a6d6d53189d318f2b6236ab5d6429eaf09259f1ca33eb716eed10d2905"},
]

[package.extras]
atomic-cache = ["atomicwrites"]
interegular = ["interegular (>=0.3.1,<0.4.0)"]
nearley = ["js2py"]
regex = ["regex"]

[[package]]
name = "packaging"
version = "26.3"
description = "Core utilities for Python packages"
optional = false
python-versions = ">=3.9"
groups = ["dev"]
files = [
    {file = "packaging-26.3-py3-none-any.whl", hash = "sha256:d7193f7c8e4e93f444fde0262bf90af30e16fa0ad0ad44cb553c87339b23cd1c"},
    {file = "packaging-26.3.tar.gz", hash = "sha256:94edc256424af38762eb31306eed28beb9f0efc50a8837492c9d6fd6004aed79"},
]

[[package]]
name = "pint"
version = "0.25.3"
description = "Physical quantities module"
optional = false
python-versions = ">=3.11"
groups = ["main"]
files = [
    {file = "pint-0.25.3-py3-none-any.whl", hash = "sha256:27eb25143bd5de9fcc4d5a4b484f16faf6b4615aa93ece6b3373a8c1a3c1b97d"},
    {file = "pint-0.25.3.tar.gz", hash = "sha256:f8f5df6cf65314d74da1ade1bf96f8e3e4d0c41b51577ac53c49e7d44ca5acee"},
]

[package.dependencies]
flexcache = ">=0.3"
flexparser = ">=0.4"
platformdirs = ">=2.1.0"
typing-extensions = ">=4.0.0"

[package.extras]
all = ["babel (<=2.8)", "dask (<2025.3.0)", "matplotlib", "numpy (>=1.23)", "pint-pandas (>=0.3)", "scipy", "uncertainties (>=3.1.6)", "xarray"]
babel = ["babel (<=2.8)"]
codspeed = ["pytest", "pytest-benchmark", "pytest-codspeed", "pytest-cov", "pytest-mpl", "pytest-subtests"]
dask = ["dask (<2025.3.0)"]
docs = ["babel", "commonmark (==0.8.1)", "currencyconverter", "docutils", "graphviz", "ipykernel", "ipython (<=8.12)", "jupyter-client", "nbsphinx", "pooch", "pygments (>=2.4)", "recommonmark (==0.5.0)", "sciform", "scipy", "serialize", "sparse", "sphinx (>=6,<8.2)", "sphinx-book-theme (>=1.1.0)", "sphinx-copybutton", "sphinx-design"]
matplotlib = ["matplotlib"]
numpy = ["numpy (>=1.23)"]
pandas = ["pint-pandas (>=0.3)"]
scipy = ["scipy"]
test = ["pytest", "pytest-benchmark", "pytest-cov", "pytest-subtests"]
test-all = ["pytest", "pytest-benchmark", "pytest-cov", "pytest-mpl", "pytest-subtests"]
test-mpl = ["pytest-mpl"]
uncertainties = ["uncertainties (>=3.1.6)"]
xarray = ["xarray"]

[[package]]
name = "platformdirs"
version = "4.11.3"
description = "A small Python package for determining appropriate platform-specific dirs, e.g. a `user data dir`."
optional = false
python-versions = ">=3.10"
groups = ["main"]
files = [
    {file = "platformdirs-4.11.3-py3-none-any.whl", hash = "sha256:5ed065d443751de711da036041a7a214122efc4a4de393b3f4137ba5576540e7"},
    {file = "platformdirs-4.11.3.tar.gz", hash = "sha256:66a73d38a849810252df809a3d8bcbda8e26f6c189920e7535ad608a48dbb5ab"},
]

[[package]]
name = "pluggy"
version = "1.6.0"
description = "plugin and hook calling mechanisms for python"
optional = false
python-versions = ">=3.9"
groups = ["dev"]
files = [
    {file = "pluggy-1.6.0-py3-none-any.whl", hash = "sha256:e920276dd6813095e9377c0bc5566d94c932c33b27a3e3945d8389c374dd4746"},
    {file = "pluggy-1.6.0.tar.gz", hash = "sha256:7dcc130b76258d33b90f61b658791dede3486c3e6bfb003ee5c9bfb396dd22f3"},
]

[package.extras]
dev = ["pre-commit", "tox"]
testing = ["coverage", "pytest", "pytest-benchmark"]

[[package]]
name = "pygments"
version = "2.20.0"
description = "Pygments is a syntax highlighting package written in Python."
optional = false
python-versions = ">=3.9"
groups = ["dev"]
files = [
    {file = "pygments-2.20.0-py3-none-any.whl", hash = "sha256:81a9e26dd42fd28a23a2d169d86d7ac03b46e2f8b59ed4698fb4785f946d0176"},
    {file = "pygments-2.20.0.tar.gz", hash = "sha256:6757cd03768053ff99f3039c1a36d6c0aa0b263438fcab17520b30a303a82b5f"},
]

[package.extras]
windows-terminal = ["colorama (>=0.4.6)"]

[[package]]
name = "pytest"
version = "8.4.2"
description = "pytest: simple powerful testing with Python"
optional = false
python-versions = ">=3.9"
groups = ["dev"]
files = [
    {file = "pytest-8.4.2-py3-none-any.whl", hash = "sha256:872f880de3fc3a5bdc88a11b39c9710c3497a547cfa9320bc3c5e62fbf272e79"},
    {file = "pytest-8.4.2.tar.gz", hash = "sha256:86c0d0b93306b961d58d62a4db4879f27fe25513d4b969df351abdddb3c30e01"},
]

[package.dependencies]
colorama = {version = ">=0.4", markers = "sys_platform == \"win32\""}
iniconfig = ">=1"
packaging = ">=20"
pluggy = ">=1.5,<2"
pygments = ">=2.7.2"

[package.extras]
dev = ["argcomplete", "attrs (>=19.2)", "hypothesis (>=3.56)", "mock", "requests", "setuptools", "xmlschema"]

[[package]]
name = "tree-sitter"
version = "0.26.0"
description = "Python bindings to the Tree-sitter parsing library"
optional = false
python-versions = ">=3.10"
groups = ["main"]
files = [
    {file = "tree_sitter-0.26.0-cp310-cp310-macosx_10_9_x86_64.whl", hash = "sha256:ff527388df14cb5009f9274faf78cc69a7393ae6acf3b04784b8acca249519c5"},
    {file = "tree_sitter-0.26.0-cp310-cp310-macosx_11_0_arm64.whl", hash = "sha256:7bcbadfa614326debef581957d5c780a9d7f66065c13deea61aa21d1dd36263f"},
    {file = "tree_sitter-0.26.0-cp310-cp310-manylinux2014_aarch64.manylinux_2_17_aarch64.manylinux_2_28_aarch64.whl", hash = "sha256:2f941cea06128c1f74f8937a8e2a90c7db49cf4be6647cd9e07d92a306d91517"},
    {file = "tree_sitter-0.26.0-cp310-cp310-manylinux2014_x86_64.manylinux_2_17_x86_64.manylinux_2_28_x86_64.whl", hash = "sha256:e9e46b664887d8c1014f1fb33e09454bbdd9ec1fe29b7fd02dde7b46bc1bb81a"},
    {file = "tree_sitter-0.26.0-cp310-cp310-manylinux_2_31_riscv64.manylinux_2_39_riscv64.whl", hash = "sha256:763627db05db34f12333081bd7422cc1c675893d373cc870b3e9249e200700e4"},
    {file = "tree_sitter-0.26.0-cp310-cp310-musllinux_1_2_x86_64.whl", hash = "sha256:17a1c5cfd3a05d5c7c86bf4282b6ef8092c91dc0a98390499669c3fedb7d1814"},
    {file = "tree_sitter-0.26.0-cp310-cp310-win_amd64.whl", hash = "sha256:f289be0225ba2ace8e87d6c9639b2bc9ff2b5271afb7c5d39282a4a00e248682"},
    {file = "tree_sitter-0.26.0-cp310-cp310-win_arm64.whl", hash = "sha256:526a165a2cb1d1f79e247d400f0e0acd8d49a817d6f312d543513af200b1f886"},
    {file = "tree_sitter-0.26.0-cp311-cp311-macosx_10_9_x86_64.whl", hash = "sha256:1d6fe0e8fb4df77b5ee816228e2c4475a63d8cc1d4d3a7ffd7097b2b87fc3e95"},
    {file = "tree_sitter-0.26.0-cp311-cp311-macosx_11_0_arm64.whl", hash = "sha256:514a9bf8993e5210e7970736aaf6020d1759b670e195ef17b1c48f586aa30736"},
    {file = "tree_sitter-0.26.0-cp311-cp311-manylinux2014_aarch64.manylinux_2_17_aarch64.manylinux_2_28_aarch64.whl", hash = "sha256:10f0d4eb94aa7242dcb7f554bcd24dd7ba1c114f00d58759ba08c7a46c8ec51a"},
    {file = "tree_sitter-0.26.0-cp311-cp311-manylinux2014_x86_64.manylinux_2_17_x86_64.manylinux_2_28_x86_64.whl", hash = "sha256:335294ce0504fcefde5245dff596778ffaf820205b98ae0b549c72e48855f1d8"},
    {file = "tree_sitter-0.26.0-cp311-cp311-manylinux_2_31_riscv64.manylinux_2_39_riscv64.whl", hash = "sha256:f9997ba61368c48ed54e715676afadf703947a1542464e39d047764fb3624b01"},
    {file = "tree_sitter-0.26.0-cp311-cp311-musllinux_1_2_x86_64.whl", hash = "sha256:c56581ad256c4195a21bfe449fed5d44a02fe83a4a7d6e70e6ec302c881191c7"},
    {file = "tree_sitter-0.26.0-cp311-cp311-win_amd64.whl", hash = "sha256:0f8793fd18ad7eec276ed4b51c097b4bf2002b357259b66b0d75db1f3f41c754"},
    {file = "tree_sitter-0.26.0-cp311-cp311-win_arm64.whl", hash = "sha256:dea4b4e27d49e9ec5b785d4f994da000e6726882fcc6ad05ec98478500c71aef"},
    {file = "tree_sitter-0.26.0-cp312-cp312-macosx_10_13_x86_64.whl", hash = "sha256:6cb2bd20efb2544c19ac54486ab7cb8ec7b36f913bbe1ce95df84acb96743d9c"},
    {file = "tree_sitter-0.26.0-cp312-cp312-macosx_11_0_arm64.whl", hash = "sha256:918d89529786873f0982a0f59c2a303cd065fbfd1b903d71a8e4e1584f67b42e"},
    {file = "tree_sitter-0.26.0-cp312-cp312-manylinux2014_aarch64.manylinux_2_17_aarch64.manylinux_2_28_aarch64.whl", hash = "sha256:30a88be89ff1f2755297f81e8080d88b795dd98720c3f9fa2acf93873182cc95"},
    {file = "tree_sitter-0.26.0-cp312-cp312-manylinux2014_x86_64.manylinux_2_17_x86_64.manylinux_2_28_x86_64.whl", hash = "sha256:5a6b333b0282d8bb0af741f9b018bd2523d4eecb2686bf6717066a625fecfaa4"},
    {file = "tree_sitter-0.26.0-cp312-cp312-manylinux_2_31_riscv64.manylinux_2_39_riscv64.whl", hash = "sha256:3f3c44339dd34fe8eb2b8d5aa7610660499a795f70376b130bbee7a437337280"},
    {file = "tree_sitter-0.26.0-cp312-cp312-musllinux_1_2_x86_64.whl", hash = "sha256:94550e13b6ae576969da40246f4c4abb206380b5375ad43f26dd9151d55438e3"},
    {file = "tree_sitter-0.26.0-cp312-cp312-win_amd64.whl", hash = "sha256:ca89e361a276dbc934b28a43dd881199e25d34ff5493ee0ce45f3c52a6124a37"},
    {file = "tree_sitter-0.26.0-cp312-cp312-win_arm64.whl", hash = "sha256:bc6cb01d5ee75c85424aa1f1c72a82d8f07fd52539a0f3c4a6ed3e8721079b84"},
    {file = "tree_sitter-0.26.0-cp313-cp313-macosx_10_13_x86_64.whl", hash = "sha256:ed0889dbed843ce45ede9f5169c0b2dea2222f12685844a03fadb81f12705867"},
    {file = "tree_sitter-0.26.0-cp313-cp313-macosx_11_0_arm64.whl", hash = "sha256:6189c6c340c7384357711e3d92645e96bfb79f7a502f86de1ebdb23eb43f7dab"},
    {file = "tree_sitter-0.26.0-cp313-cp313-manylinux2014_aarch64.manylinux_2_17_aarch64.manylinux_2_28_aarch64.whl", hash = "sha256:8ff2e0750b7daa722302838356d7b65e303829b7eb73c915df127ddba115e1d1"},
    {file = "tree_sitter-0.26.0-cp313-cp313-manylinux2014_x86_64.manylinux_2_17_x86_64.manylinux_2_28_x86_64.whl", hash = "sha256:7075ef857ef86f327dbb72d1e2574dda78db5754b3a1fca6506acd7fe5d561a7"},
    {file = "tree_sitter-0.26.0-cp313-cp313-manylinux_2_31_riscv64.manylinux_2_39_riscv64.whl", hash = "sha256:26c996c1edfee86e977bb3f5462e74fcec0d0b0db1e85a3c475875763caa03be"},
    {file = "tree_sitter-0.26.0-cp313-cp313-musllinux_1_2_x86_64.whl", hash = "sha256:00289bfe7978f3e0dc0ce69813a20fa9f44ea4c100b3ec62043e5eb74ccfc3a2"},
    {file = "tree_sitter-0.26.0-cp313-cp313-win_amd64.whl", hash = "sha256:93e220cab7e6a823efeb2046c49171427de92ef71c7c681c01820d14d8d3721f"},
    {file = "tree_sitter-0.26.0-cp313-cp313-win_arm64.whl", hash = "sha256:b31a8195d2f224224c530ac814632d98c1dcc123d227442c07c736e86b70d564"},
    {file = "tree_sitter-0.26.0-cp314-cp314-macosx_10_15_x86_64.whl", hash = "sha256:5a3c93a352b7e6f70f73e121bbfa2d0117ba7478bd51114ed35c91b0b78814fa"},
    {file = "tree_sitter-0.26.0-cp314-cp314-macosx_11_0_arm64.whl", hash = "sha256:5fc2f41bf246ff2f70a9cc3690be35ec7580a4923151873d898c8bcb1a4503d3"},
    {file = "tree_sitter-0.26.0-cp314-cp314-manylinux2014_aarch64.manylinux_2_17_aarch64.manylinux_2_28_aarch64.whl", hash = "sha256:b8ea92a255c91671a7ec4625aba3ab7bb5220c423630ffbf83c45d7312abe084"},
    {file = "tree_sitter-0.26.0-cp314-cp314-manylinux2014_x86_64.manylinux_2_17_x86_64.manylinux_2_28_x86_64.whl", hash = "sha256:f665510f0fcf4636fb9696f1f7853bed7a3bd764b7bb0cb8494e619c14ed5a0c"},
    {file = "tree_sitter-0.26.0-cp314-cp314-manylinux_2_31_riscv64.manylinux_2_39_riscv64.whl", hash = "sha256:253df7ab82cc0a9d311cd65f06e9f99fb3eac55996ae9fc94da22f123a861b90"},
    {file = "tree_sitter-0.26.0-cp314-cp314-musllinux_1_2_x86_64.whl", hash = "sha256:ff80d4833d330a73184a3ac5132abe93c575d2dea31975c6f15c0d21fef238aa"},
    {file = "tree_sitter-0.26.0-cp314-cp314-win_amd64.whl", hash = "sha256:a4033fecc8f606c7f2e8b8014d0057b74668a7f0152763606f7bc25c5f9ec64c"},
    {file = "tree_sitter-0.26.0-cp314-cp314-win_arm64.whl", hash = "sha256:823251c4b6725a7c03ed497a339135ede7ae4bdde75bb8be7ef5e305aeb4ff52"},
    {file = "tree_sitter-0.26.0.tar.gz", hash = "sha256:b40c219edccc4564530c96f8f1556f6202b37cda964d1cbd7bd2b7e68b40a245"},
]

[package.extras]
docs = ["sphinx (>=8.2,<9.0)", "sphinx-book-theme"]
tests = ["tree-sitter-html (==0.23.2)", "tree-sitter-javascript (==0.25.0)", "tree-sitter-json (==0.24.8)", "tree-sitter-python (==0.25.0)", "tree-sitter-rust (==0.24.2)"]

[[package]]
name = "tree-sitter-typescript"
version = "0.23.2"
description = "TypeScript and TSX grammars for tree-sitter"
optional = false
python-versions = ">=3.9"
groups = ["main"]
files = [
    {file = "tree_sitter_typescript-0.23.2-cp39-abi3-macosx_10_9_x86_64.whl", hash = "sha256:3cd752d70d8e5371fdac6a9a4df9d8924b63b6998d268586f7d374c9fba2a478"},
    {file = "tree_sitter_typescript-0.23.2-cp39-abi3-macosx_11_0_arm64.whl", hash = "sha256:c7cc1b0ff5d91bac863b0e38b1578d5505e718156c9db577c8baea2557f66de8"},
    {file = "tree_sitter_typescript-0.23.2-cp39-abi3-manylinux_2_17_aarch64.manylinux2014_aarch64.whl", hash = "sha256:4b1eed5b0b3a8134e86126b00b743d667ec27c63fc9de1b7bb23168803879e31"},
    {file = "tree_sitter_typescript-0.23.2-cp39-abi3-manylinux_2_5_x86_64.manylinux1_x86_64.manylinux_2_17_x86_64.manylinux2014_x86_64.whl", hash = "sha256:e96d36b85bcacdeb8ff5c2618d75593ef12ebaf1b4eace3477e2bdb2abb1752c"},
    {file = "tree_sitter_typescript-0.23.2-cp39-abi3-musllinux_1_2_x86_64.whl", hash = "sha256:8d4f0f9bcb61ad7b7509d49a1565ff2cc363863644a234e1e0fe10960e55aea0"},
    {file = "tree_sitter_typescript-0.23.2-cp39-abi3-win_amd64.whl", hash = "sha256:3f730b66396bc3e11811e4465c41ee45d9e9edd6de355a58bbbc49fa770da8f9"},
    {file = "tree_sitter_typescript-0.23.2-cp39-abi3-win_arm64.whl", hash = "sha256:05db58f70b95ef0ea126db5560f3775692f609589ed6f8dd0af84b7f19f1cbb7"},
    {file = "tree_sitter_typescript-0.23.2.tar.gz", hash = "sha256:7b167b5827c882261cb7a50dfa0fb567975f9b315e87ed87ad0a0a3aedb3834d"},
]

[package.extras]
core = ["tree-sitter (>=0.23,<1.0)"]

[[package]]
name = "typing-extensions"
version = "4.16.0"
description = "Backported and Experimental Type Hints for Python 3.9+"
optional = false
python-versions = ">=3.9"
groups = ["main"]
files = [
    {file = "typing_extensions-4.16.0-py3-none-any.whl", hash = "sha256:481caa481374e813c1b176ada14e97f1f67a4539ce9cfeb3f350d78d6370c2e8"},
    {file = "typing_extensions-4.16.0.tar.gz", hash = "sha256:dc983d19a509c94dba722ee6abd33940f7c05a89e243c47e907eb4db6f1a43e5"},
]

[[package]]
name = "ucumvert"
version = "0.3.1"
description = "Python parser & interface for UCUM (Unified Code for Units of Measure)."
optional = false
python-versions = ">=3.11"
groups = ["main"]
files = [
    {file = "ucumvert-0.3.1-py3-none-any.whl", hash = "sha256:503b3cc3dfba7ec0c1b53a9692e74163e6d9dc5119422f8ff57f5a044fed0231"},
    {file = "ucumvert-0.3.1.tar.gz", hash = "sha256:8c287a71e453f79c822213239cf6873407b7363c6bca42f7418a1d56282c90c6"},
]

[package.dependencies]
lark = "*"
pint = ">=0.25.0"

[package.extras]
dev = ["coverage", "openpyxl", "pydot", "pytest", "ruff"]
lint = ["ruff"]
tests = ["coverage", "pytest"]

[metadata]
lock-version = "2.1"
python-versions = ">=3.11,<3.15"
content-hash = "96b64b2262949bcd112be1b344c97132b17b3211da491331ccc34ca8154b29ef"
